
Microsoft Visual Studio Solution File, Format Version 12.00
# Visual Studio Version 17
VisualStudioVersion = 17.5.002.0
MinimumVisualStudioVersion = 10.0.40219.1
Project("{2150E333-8FDC-42A3-9474-1A3956D46DE8}") = "csharp-prep", "csharp-prep", "{A38CDFC4-09C1-4F96-8101-4B7951E701E5}"
EndProject
Project("{9A19103F-16F7-4668-BE54-9A1E7A4F7556}") = "Prep1", "csharp-prep\Prep1\Prep1.csproj", "{096696DB-DE90-483F-A182-B9B180DA2051}"
EndProject
Project("{9A19103F-16F7-4668-BE54-9A1E7A4F7556}") = "Prep2", "csharp-prep\Prep2\Prep2.csproj", "{9DADFAB0-6A37-4F13-85FA-BDB69BFC26B2}"
EndProject
Project("{9A19103F-16F7-4668-BE54-9A1E7A4F7556}") = "Prep3", "csharp-prep\Prep3\Prep3.csproj", "{D2FE3717-D8F3-40F6-84EE-156328F81A89}"
EndProject
Project("{9A19103F-16F7-4668-BE54-9A1E7A4F7556}") = "Prep4", "csharp-prep\Prep4\Prep4.csproj", "{D650E440-CA5A-4016-9AF0-E1D168BCEBC0}"
EndProject
Project("{9A19103F-16F7-4668-BE54-9A1E7A4F7556}") = "Prep5", "csharp-prep\Prep5\Prep5.csproj", "{95F5D242-E824-4B6E-87E3-7FD70E648617}"
EndProject
Project("{2150E333-8FDC-42A3-9474-1A3956D46DE8}") = "final", "final", "{0B667210-229F-408F-BF39-3F42DA1ECE4F}"
EndProject
Project("{9A19103F-16F7-4668-BE54-9A1E7A4F7556}") = "FinalProject", "final\FinalProject\FinalProject.csproj", "{E448517E-596B-4EAC-898D-B53FA7F5816A}"
EndProject
Project("{9A19103F-16F7-4668-BE54-9A1E7A4F7556}") = "Foundation1", "final\Foundation1\Foundation1.csproj", "{AF1F45E0-B4A8-476D-80DC-CBED5891FA27}"
EndProject
Project("{9A19103F-16F7-4668-BE54-9A1E7A4F7556}") = "Foundation2", "final\Foundation2\Foundation2.csproj", "{ACA2E049-7BA3-410A-8065-B2EE8CB7F0FE}"
EndProject
Project("{9A19103F-16F7-4668-BE54-9A1E7A4F7556}") = "Foundation3", "final\Foundation3\Foundation3.csproj", "{ECB2290E-13B6-4F4B-A46D-634E2557C02A}"
EndProject
Project("{9A19103F-16F7-4668-BE54-9A1E7A4F7556}") = "Foundation4", "final\Foundation4\Foundation4.csproj", "{5E4BBD55-0262-4FCD-AE47-DA962A73B430}"
EndProject
Project("{2150E333-8FDC-42A3-9474-1A3956D46DE8}") = "prepare", "prepare", "{25EDCC82-0A95-4FC6-9803-5AD9F2E24C63}"
EndProject
Project("{9A19103F-16F7-4668-BE54-9A1E7A4F7556}") = "Learning02", "prepare\Learning02\Learning02.csproj", "{719ED14C-9193-4471-8E05-91629325031F}"
EndProject
Project("{9A19103F-16F7-4668-BE54-9A1E7A4F7556}") = "Learning03", "prepare\Learning03\Learning03.csproj", "{CA6E91E0-0489-428C-A868-5F37D56974B3}"
EndProject
Project("{9A19103F-16F7-4668-BE54-9A1E7A4F7556}") = "Learning04", "prepare\Learning04\Learning04.csproj", "{EC26DA79-DEE6-42B6-B297-7E54C8038879}"
EndProject
Project("{9A19103F-16F7-4668-BE54-9A1E7A4F7556}") = "Learning05", "prepare\Learning05\Learning05.csproj", "{0136DA9D-B07B-4464-B936-F48BA2E2621B}"
EndProject
Project("{2150E333-8FDC-42A3-9474-1A3956D46DE8}") = "prove", "prove", "{72CBD4FE-1E83-4648-8F37-16FD19187C96}"
EndProject
Project("{9A19103F-16F7-4668-BE54-9A1E7A4F7556}") = "Develop02", "prove\Develop02\Develop02.csproj", "{8057D6DD-276F-4E92-A9F8-BDE08DB378AC}"
EndProject
Project("{9A19103F-16F7-4668-BE54-9A1E7A4F7556}") = "Develop03", "prove\Develop03\Develop03.csproj", "{52B13E3F-89EA-4A46-8D2E-B1E9443B7DBA}"
EndProject
Project("{9A19103F-16F7-4668-BE54-9A1E7A4F7556}") = "Develop04", "prove\Develop04\Develop04.csproj", "{BFF731B5-4440-49BC-996D-1A0BD08064A1}"
EndProject
Project("{9A19103F-16F7-4668-BE54-9A1E7A4F7556}") = "Develop05", "prove\Develop05\Develop05.csproj", "{D4E3D97F-19FD-4518-9F54-1F62AC0410C6}"
EndProject
Project("{2150E333-8FDC-42A3-9474-1A3956D46DE8}") = "sandbox", "sandbox", "{2131B48E-4F2A-48C4-9A72-0D4A2ABFD377}"
EndProject
Project("{9A19103F-16F7-4668-BE54-9A1E7A4F7556}") = "Sandbox", "sandbox\Sandbox\Sandbox.csproj", "{8BBC698F-996A-4CCD-A489-E2150BBEE788}"
EndProject
Global
	GlobalSection(SolutionConfigurationPlatforms) = preSolution
		Debug|Any CPU = Debug|Any CPU
		Release|Any CPU = Release|Any CPU
	EndGlobalSection
	GlobalSection(ProjectConfigurationPlatforms) = postSolution
		{096696DB-DE90-483F-A182-B9B180DA2051}.Debug|Any CPU.ActiveCfg = Debug|Any CPU
		{096696DB-DE90-483F-A182-B9B180DA2051}.Debug|Any CPU.Build.0 = Debug|Any CPU
		{096696DB-DE90-483F-A182-B9B180DA2051}.Release|Any CPU.ActiveCfg = Release|Any CPU
		{096696DB-DE90-483F-A182-B9B180DA2051}.Release|Any CPU.Build.0 = Release|Any CPU
		{9DADFAB0-6A37-4F13-85FA-BDB69BFC26B2}.Debug|Any CPU.ActiveCfg = Debug|Any CPU
		{9DADFAB0-6A37-4F13-85FA-BDB69BFC26B2}.Debug|Any CPU.Build.0 = Debug|Any CPU
		{9DADFAB0-6A37-4F13-85FA-BDB69BFC26B2}.Release|Any CPU.ActiveCfg = Release|Any CPU
		{9DADFAB0-6A37-4F13-85FA-BDB69BFC26B2}.Release|Any CPU.Build.0 = Release|Any CPU
		{D2FE3717-D8F3-40F6-84EE-156328F81A89}.Debug|Any CPU.ActiveCfg = Debug|Any CPU
		{D2FE3717-D8F3-40F6-84EE-156328F81A89}.Debug|Any CPU.Build.0 = Debug|Any CPU
		{D2FE3717-D8F3-40F6-84EE-156328F81A89}.Release|Any CPU.ActiveCfg = Release|Any CPU
		{D2FE3717-D8F3-40F6-84EE-156328F81A89}.Release|Any CPU.Build.0 = Release|Any CPU
		{D650E440-CA5A-4016-9AF0-E1D168BCEBC0}.Debug|Any CPU.ActiveCfg = Debug|Any CPU
		{D650E440-CA5A-4016-9AF0-E1D168BCEBC0}.Debug|Any CPU.Build.0 = Debug|Any CPU
		{D650E440-CA5A-4016-9AF0-E1D168BCEBC0}.Release|Any CPU.ActiveCfg = Release|Any CPU
		{D650E440-CA5A-4016-9AF0-E1D168BCEBC0}.Release|Any CPU.Build.0 = Release|Any CPU
		{95F5D242-E824-4B6E-87E3-7FD70E648617}.Debug|Any CPU.ActiveCfg = Debug|Any CPU
		{95F5D242-E824-4B6E-87E3-7FD70E648617}.Debug|Any CPU.Build.0 = Debug|Any CPU
		{95F5D242-E824-4B6E-87E3-7FD70E648617}.Release|Any CPU.ActiveCfg = Release|Any CPU
		{95F5D242-E824-4B6E-87E3-7FD70E648617}.Release|Any CPU.Build.0 = Release|Any CPU
		{E448517E-596B-4EAC-898D-B53FA7F5816A}.Debug|Any CPU.ActiveCfg = Debug|Any CPU
		{E448517E-596B-4EAC-898D-B53FA7F5816A}.Debug|Any CPU.Build.0 = Debug|Any CPU
		{E448517E-596B-4EAC-898D-B53FA7F5816A}.Release|Any CPU.ActiveCfg = Release|Any CPU
		{E448517E-596B-4EAC-898D-B53FA7F5816A}.Release|Any CPU.Build.0 = Release|Any CPU
		{AF1F45E0-B4A8-476D-80DC-CBED5891FA27}.Debug|Any CPU.ActiveCfg = Debug|Any CPU
		{AF1F45E0-B4A8-476D-80DC-CBED5891FA27}.Debug|Any CPU.Build.0 = Debug|Any CPU
		{AF1F45E0-B4A8-476D-80DC-CBED5891FA27}.Release|Any CPU.ActiveCfg = Release|Any CPU
		{AF1F45E0-B4A8-476D-80DC-CBED5891FA27}.Release|Any CPU.Build.0 = Release|Any CPU
		{ACA2E049-7BA3-410A-8065-B2EE8CB7F0FE}.Debug|Any CPU.ActiveCfg = Debug|Any CPU
		{ACA2E049-7BA3-410A-8065-B2EE8CB7F0FE}.Debug|Any CPU.Build.0 = Debug|Any CPU
		{ACA2E049-7BA3-410A-8065-B2EE8CB7F0FE}.Release|Any CPU.ActiveCfg = Release|Any CPU
		{ACA2E049-7BA3-410A-8065-B2EE8CB7F0FE}.Release|Any CPU.Build.0 = Release|Any CPU
		{ECB2290E-13B6-4F4B-A46D-634E2557C02A}.Debug|Any CPU.ActiveCfg = Debug|Any CPU
		{ECB2290E-13B6-4F4B-A46D-634E2557C02A}.Debug|Any CPU.Build.0 = Debug|Any CPU
		{ECB2290E-13B6-4F4B-A46D-634E2557C02A}.Release|Any CPU.ActiveCfg = Release|Any CPU
		{ECB2290E-13B6-4F4B-A46D-634E2557C02A}.Release|Any CPU.Build.0 = Release|Any CPU
		{5E4BBD55-0262-4FCD-AE47-DA962A73B430}.Debug|Any CPU.ActiveCfg = Debug|Any CPU
		{5E4BBD55-0262-4FCD-AE47-DA962A73B430}.Debug|Any CPU.Build.0 = Debug|Any CPU
		{5E4BBD55-0262-4FCD-AE47-DA962A73B430}.Release|Any CPU.ActiveCfg = Release|Any CPU
		{5E4BBD55-0262-4FCD-AE47-DA962A73B430}.Release|Any CPU.Build.0 = Release|Any CPU
		{719ED14C-9193-4471-8E05-91629325031F}.Debug|Any CPU.ActiveCfg = Debug|Any CPU
		{719ED14C-9193-4471-8E05-91629325031F}.Debug|Any CPU.Build.0 = Debug|Any CPU
		{719ED14C-9193-4471-8E05-91629325031F}.Release|Any CPU.ActiveCfg = Release|Any CPU
		{719ED14C-9193-4471-8E05-91629325031F}.Release|Any CPU.Build.0 = Release|Any CPU
		{CA6E91E0-0489-428C-A868-5F37D56974B3}.Debug|Any CPU.ActiveCfg = Debug|Any CPU
		{CA6E91E0-0489-428C-A868-5F37D56974B3}.Debug|Any CPU.Build.0 = Debug|Any CPU
		{CA6E91E0-0489-428C-A868-5F37D56974B3}.Release|Any CPU.ActiveCfg = Release|Any CPU
		{CA6E91E0-0489-428C-A868-5F37D56974B3}.Release|Any CPU.Build.0 = Release|Any CPU
		{EC26DA79-DEE6-42B6-B297-7E54C8038879}.Debug|Any CPU.ActiveCfg = Debug|Any CPU
		{EC26DA79-DEE6-42B6-B297-7E54C8038879}.Debug|Any CPU.Build.0 = Debug|Any CPU
		{EC26DA79-DEE6-42B6-B297-7E54C8038879}.Release|Any CPU.ActiveCfg = Release|Any CPU
		{EC26DA79-DEE6-42B6-B297-7E54C8038879}.Release|Any CPU.Build.0 = Release|Any CPU
		{0136DA9D-B07B-4464-B936-F48BA2E2621B}.Debug|Any CPU.ActiveCfg = Debug|Any CPU
		{0136DA9D-B07B-4464-B936-F48BA2E2621B}.Debug|Any CPU.Build.0 = Debug|Any CPU
		{0136DA9D-B07B-4464-B936-F48BA2E2621B}.Release|Any CPU.ActiveCfg = Release|Any CPU
		{0136DA9D-B07B-4464-B936-F48BA2E2621B}.Release|Any CPU.Build.0 = Release|Any CPU
		{8057D6DD-276F-4E92-A9F8-BDE08DB378AC}.Debug|Any CPU.ActiveCfg = Debug|Any CPU
		{8057D6DD-276F-4E92-A9F8-BDE08DB378AC}.Debug|Any CPU.Build.0 = Debug|Any CPU
		{8057D6DD-276F-4E92-A9F8-BDE08DB378AC}.Release|Any CPU.ActiveCfg = Release|Any CPU
		{8057D6DD-276F-4E92-A9F8-BDE08DB378AC}.Release|Any CPU.Build.0 = Release|Any CPU
		{52B13E3F-89EA-4A46-8D2E-B1E9443B7DBA}.Debug|Any CPU.ActiveCfg = Debug|Any CPU
		{52B13E3F-89EA-4A46-8D2E-B1E9443B7DBA}.Debug|Any CPU.Build.0 = Debug|Any CPU
		{52B13E3F-89EA-4A46-8D2E-B1E9443B7DBA}.Release|Any CPU.ActiveCfg = Release|Any CPU
		{52B13E3F-89EA-4A46-8D2E-B1E9443B7DBA}.Release|Any CPU.Build.0 = Release|Any CPU
		{BFF731B5-4440-49BC-996D-1A0BD08064A1}.Debug|Any CPU.ActiveCfg = Debug|Any CPU
		{BFF731B5-4440-49BC-996D-1A0BD08064A1}.Debug|Any CPU.Build.0 = Debug|Any CPU
		{BFF731B5-4440-49BC-996D-1A0BD08064A1}.Release|Any CPU.ActiveCfg = Release|Any CPU
		{BFF731B5-4440-49BC-996D-1A0BD08064A1}.Release|Any CPU.Build.0 = Release|Any CPU
		{D4E3D97F-19FD-4518-9F54-1F62AC0410C6}.Debug|Any CPU.ActiveCfg = Debug|Any CPU
		{D4E3D97F-19FD-4518-9F54-1F62AC0410C6}.Debug|Any CPU.Build.0 = Debug|Any CPU
		{D4E3D97F-19FD-4518-9F54-1F62AC0410C6}.Release|Any CPU.ActiveCfg = Release|Any CPU
		{D4E3D97F-19FD-4518-9F54-1F62AC0410C6}.Release|Any CPU.Build.0 = Release|Any CPU
		{8BBC698F-996A-4CCD-A489-E2150BBEE788}.Debug|Any CPU.ActiveCfg = Debug|Any CPU
		{8BBC698F-996A-4CCD-A489-E2150BBEE788}.Debug|Any CPU.Build.0 = Debug|Any CPU
		{8BBC698F-996A-4CCD-A489-E2150BBEE788}.Release|Any CPU.ActiveCfg = Release|Any CPU
		{8BBC698F-996A-4CCD-A489-E2150BBEE788}.Release|Any CPU.Build.0 = Release|Any CPU
	EndGlobalSection
	GlobalSection(SolutionProperties) = preSolution
		HideSolutionNode = FALSE
	EndGlobalSection
	GlobalSection(NestedProjects) = preSolution
		{096696DB-DE90-483F-A182-B9B180DA2051} = {A38CDFC4-09C1-4F96-8101-4B7951E701E5}
		{9DADFAB0-6A37-4F13-85FA-BDB69BFC26B2} = {A38CDFC4-09C1-4F96-8101-4B7951E701E5}
		{D2FE3717-D8F3-40F6-84EE-156328F81A89} = {A38CDFC4-09C1-4F96-8101-4B7951E701E5}
		{D650E440-CA5A-4016-9AF0-E1D168BCEBC0} = {A38CDFC4-09C1-4F96-8101-4B7951E701E5}
		{95F5D242-E824-4B6E-87E3-7FD70E648617} = {A38CDFC4-09C1-4F96-8101-4B7951E701E5}
		{E448517E-596B-4EAC-898D-B53FA7F5816A} = {0B667210-229F-408F-BF39-3F42DA1ECE4F}
		{AF1F45E0-B4A8-476D-80DC-CBED5891FA27} = {0B667210-229F-408F-BF39-3F42DA1ECE4F}
		{ACA2E049-7BA3-410A-8065-B2EE8CB7F0FE} = {0B667210-229F-408F-BF39-3F42DA1ECE4F}
		{ECB2290E-13B6-4F4B-A46D-634E2557C02A} = {0B667210-229F-408F-BF39-3F42DA1ECE4F}
		{5E4BBD55-0262-4FCD-AE47-DA962A73B430} = {0B667210-229F-408F-BF39-3F42DA1ECE4F}
		{719ED14C-9193-4471-8E05-91629325031F} = {25EDCC82-0A95-4FC6-9803-5AD9F2E24C63}
		{CA6E91E0-0489-428C-A868-5F37D56974B3} = {25EDCC82-0A95-4FC6-9803-5AD9F2E24C63}
		{EC26DA79-DEE6-42B6-B297-7E54C8038879} = {25EDCC82-0A95-4FC6-9803-5AD9F2E24C63}
		{0136DA9D-B07B-4464-B936-F48BA2E2621B} = {25EDCC82-0A95-4FC6-9803-5AD9F2E24C63}
		{8057D6DD-276F-4E92-A9F8-BDE08DB378AC} = {72CBD4FE-1E83-4648-8F37-16FD19187C96}
		{52B13E3F-89EA-4A46-8D2E-B1E9443B7DBA} = {72CBD4FE-1E83-4648-8F37-16FD19187C96}
		{BFF731B5-4440-49BC-996D-1A0BD08064A1} = {72CBD4FE-1E83-4648-8F37-16FD19187C96}
		{D4E3D97F-19FD-4518-9F54-1F62AC0410C6} = {72CBD4FE-1E83-4648-8F37-16FD19187C96}
		{8BBC698F-996A-4CCD-A489-E2150BBEE788} = {2131B48E-4F2A-48C4-9A72-0D4A2ABFD377}
	EndGlobalSection
	GlobalSection(ExtensibilityGlobals) = postSolution
		SolutionGuid = {DFFDD25E-F189-4428-87B4-C43DDEC4E9EF}
	EndGlobalSection
EndGlobal
